
Microsoft Visual Studio Solution File, Format Version 9.00
# Visual Studio 2005
Project("{8BC9CEB8-8B4A-11D0-8D11-00A0C91BC942}") = "AutoCompleteToRegistry", "autocomplete\hello.vcproj", "{56CC29B3-1313-4DAD-A5FB-896EE5D7823D}"
EndProject
Project("{8BC9CEB8-8B4A-11D0-8D11-00A0C91BC942}") = "AutoCompleteToFile", "autocomplete-save-to-file\hello2.vcproj", "{0961253D-95B6-4BF7-9C3C-4FDCCEDFB72B}"
EndProject
Global
	GlobalSection(SolutionConfigurationPlatforms) = preSolution
		Debug|Win32 = Debug|Win32
		Release|Win32 = Release|Win32
	EndGlobalSection
	GlobalSection(ProjectConfigurationPlatforms) = postSolution
		{56CC29B3-1313-4DAD-A5FB-896EE5D7823D}.Debug|Win32.ActiveCfg = Debug|Win32
		{56CC29B3-1313-4DAD-A5FB-896EE5D7823D}.Debug|Win32.Build.0 = Debug|Win32
		{56CC29B3-1313-4DAD-A5FB-896EE5D7823D}.Release|Win32.ActiveCfg = Release|Win32
		{56CC29B3-1313-4DAD-A5FB-896EE5D7823D}.Release|Win32.Build.0 = Release|Win32
		{0961253D-95B6-4BF7-9C3C-4FDCCEDFB72B}.Debug|Win32.ActiveCfg = Debug|Win32
		{0961253D-95B6-4BF7-9C3C-4FDCCEDFB72B}.Debug|Win32.Build.0 = Debug|Win32
		{0961253D-95B6-4BF7-9C3C-4FDCCEDFB72B}.Release|Win32.ActiveCfg = Release|Win32
		{0961253D-95B6-4BF7-9C3C-4FDCCEDFB72B}.Release|Win32.Build.0 = Release|Win32
	EndGlobalSection
	GlobalSection(SolutionProperties) = preSolution
		HideSolutionNode = FALSE
	EndGlobalSection
EndGlobal
