
Microsoft Visual Studio Solution File, Format Version 9.00
# Visual Studio 2005
Project("{8BC9CEB8-8B4A-11D0-8D11-00A0C91BC942}") = "CmdDisp", "cmddisp\hello.vcproj", "{BD5F5157-3FB4-4801-9374-4C68C9214016}"
EndProject
Project("{8BC9CEB8-8B4A-11D0-8D11-00A0C91BC942}") = "CmdState", "cmdstate\hello2.vcproj", "{E6950797-3924-4659-9F2E-BD548AD099A9}"
EndProject
Global
	GlobalSection(SolutionConfigurationPlatforms) = preSolution
		Debug|Win32 = Debug|Win32
		Release|Win32 = Release|Win32
	EndGlobalSection
	GlobalSection(ProjectConfigurationPlatforms) = postSolution
		{BD5F5157-3FB4-4801-9374-4C68C9214016}.Debug|Win32.ActiveCfg = Debug|Win32
		{BD5F5157-3FB4-4801-9374-4C68C9214016}.Debug|Win32.Build.0 = Debug|Win32
		{BD5F5157-3FB4-4801-9374-4C68C9214016}.Release|Win32.ActiveCfg = Release|Win32
		{BD5F5157-3FB4-4801-9374-4C68C9214016}.Release|Win32.Build.0 = Release|Win32
		{E6950797-3924-4659-9F2E-BD548AD099A9}.Debug|Win32.ActiveCfg = Debug|Win32
		{E6950797-3924-4659-9F2E-BD548AD099A9}.Debug|Win32.Build.0 = Debug|Win32
		{E6950797-3924-4659-9F2E-BD548AD099A9}.Release|Win32.ActiveCfg = Release|Win32
		{E6950797-3924-4659-9F2E-BD548AD099A9}.Release|Win32.Build.0 = Release|Win32
	EndGlobalSection
	GlobalSection(SolutionProperties) = preSolution
		HideSolutionNode = FALSE
	EndGlobalSection
EndGlobal
